
Microsoft Visual Studio Solution File, Format Version 12.00
# Visual Studio 14
VisualStudioVersion = 14.0.25420.1
MinimumVisualStudioVersion = 10.0.40219.1
Project("{2150E333-8FDC-42A3-9474-1A3956D46DE8}") = "ServicioWCF", "ServicioWCF", "{BBC8F741-5DE0-45FD-AE93-EFC011976936}"
EndProject
Project("{2150E333-8FDC-42A3-9474-1A3956D46DE8}") = "View", "View", "{F0154E70-FDE4-453E-9D9C-22F18A940476}"
EndProject
Project("{FAE04EC0-301F-11D3-BF4B-00C04F79EFBC}") = "Servicio.Neptuno.wcf", "Servicio.Neptuno.wcf\Servicio.Neptuno.wcf.csproj", "{F9537C02-049C-4E65-8285-5C5E9C859A58}"
EndProject
Project("{FAE04EC0-301F-11D3-BF4B-00C04F79EFBC}") = "Servicio.Neptuno.AppWind", "Servicio.Neptuno.AppWind\Servicio.Neptuno.AppWind.csproj", "{2F332A6C-2564-4622-A4F0-B878A58569F0}"
	ProjectSection(ProjectDependencies) = postProject
		{F9537C02-049C-4E65-8285-5C5E9C859A58} = {F9537C02-049C-4E65-8285-5C5E9C859A58}
	EndProjectSection
EndProject
Project("{FAE04EC0-301F-11D3-BF4B-00C04F79EFBC}") = "Servicio.Neptuno.AppWebMVC", "Servicio.Neptuno.AppWebMVC\Servicio.Neptuno.AppWebMVC.csproj", "{B1ECCEE4-C90D-4B9E-85D7-6FCBC7E52098}"
	ProjectSection(ProjectDependencies) = postProject
		{F9537C02-049C-4E65-8285-5C5E9C859A58} = {F9537C02-049C-4E65-8285-5C5E9C859A58}
	EndProjectSection
EndProject
Global
	GlobalSection(SolutionConfigurationPlatforms) = preSolution
		Debug|Any CPU = Debug|Any CPU
		Release|Any CPU = Release|Any CPU
	EndGlobalSection
	GlobalSection(ProjectConfigurationPlatforms) = postSolution
		{F9537C02-049C-4E65-8285-5C5E9C859A58}.Debug|Any CPU.ActiveCfg = Debug|Any CPU
		{F9537C02-049C-4E65-8285-5C5E9C859A58}.Debug|Any CPU.Build.0 = Debug|Any CPU
		{F9537C02-049C-4E65-8285-5C5E9C859A58}.Release|Any CPU.ActiveCfg = Release|Any CPU
		{F9537C02-049C-4E65-8285-5C5E9C859A58}.Release|Any CPU.Build.0 = Release|Any CPU
		{2F332A6C-2564-4622-A4F0-B878A58569F0}.Debug|Any CPU.ActiveCfg = Debug|Any CPU
		{2F332A6C-2564-4622-A4F0-B878A58569F0}.Debug|Any CPU.Build.0 = Debug|Any CPU
		{2F332A6C-2564-4622-A4F0-B878A58569F0}.Release|Any CPU.ActiveCfg = Release|Any CPU
		{2F332A6C-2564-4622-A4F0-B878A58569F0}.Release|Any CPU.Build.0 = Release|Any CPU
		{B1ECCEE4-C90D-4B9E-85D7-6FCBC7E52098}.Debug|Any CPU.ActiveCfg = Debug|Any CPU
		{B1ECCEE4-C90D-4B9E-85D7-6FCBC7E52098}.Debug|Any CPU.Build.0 = Debug|Any CPU
		{B1ECCEE4-C90D-4B9E-85D7-6FCBC7E52098}.Release|Any CPU.ActiveCfg = Release|Any CPU
		{B1ECCEE4-C90D-4B9E-85D7-6FCBC7E52098}.Release|Any CPU.Build.0 = Release|Any CPU
	EndGlobalSection
	GlobalSection(SolutionProperties) = preSolution
		HideSolutionNode = FALSE
	EndGlobalSection
	GlobalSection(NestedProjects) = preSolution
		{F9537C02-049C-4E65-8285-5C5E9C859A58} = {BBC8F741-5DE0-45FD-AE93-EFC011976936}
		{2F332A6C-2564-4622-A4F0-B878A58569F0} = {F0154E70-FDE4-453E-9D9C-22F18A940476}
		{B1ECCEE4-C90D-4B9E-85D7-6FCBC7E52098} = {F0154E70-FDE4-453E-9D9C-22F18A940476}
	EndGlobalSection
EndGlobal
